// !$*UTF8*$!
{
	archiveVersion = 1;
	classes = {
	};
	objectVersion = 77;
	objects = {

/* Begin PBXBuildFile section */
		83D2BCA62DEB647C0074965B /* NightCareers Extension.appex in Embed Foundation Extensions */ = {isa = PBXBuildFile; fileRef = 83D2BCA52DEB647C0074965B /* NightCareers Extension.appex */; settings = {ATTRIBUTES = (RemoveHeadersOnCopy, ); }; };
		83D2BCB02DEB647C0074965B /* NightCareers Extension.appex in Embed Foundation Extensions */ = {isa = PBXBuildFile; fileRef = 83D2BCAF2DEB647C0074965B /* NightCareers Extension.appex */; settings = {ATTRIBUTES = (RemoveHeadersOnCopy, ); }; };
/* End PBXBuildFile section */

/* Begin PBXContainerItemProxy section */
		83D2BCA72DEB647C0074965B /* PBXContainerItemProxy */ = {
			isa = PBXContainerItemProxy;
			containerPortal = 83D2BC6B2DEB647B0074965B /* Project object */;
			proxyType = 1;
			remoteGlobalIDString = 83D2BCA42DEB647C0074965B;
			remoteInfo = "NightCareers Extension (iOS)";
		};
		83D2BCB12DEB647C0074965B /* PBXContainerItemProxy */ = {
			isa = PBXContainerItemProxy;
			containerPortal = 83D2BC6B2DEB647B0074965B /* Project object */;
			proxyType = 1;
			remoteGlobalIDString = 83D2BCAE2DEB647C0074965B;
			remoteInfo = "NightCareers Extension (macOS)";
		};
/* End PBXContainerItemProxy section */

/* Begin PBXCopyFilesBuildPhase section */
		83D2BCD92DEB647C0074965B /* Embed Foundation Extensions */ = {
			isa = PBXCopyFilesBuildPhase;
			buildActionMask = 2147483647;
			dstPath = "";
			dstSubfolderSpec = 13;
			files = (
				83D2BCA62DEB647C0074965B /* NightCareers Extension.appex in Embed Foundation Extensions */,
			);
			name = "Embed Foundation Extensions";
			runOnlyForDeploymentPostprocessing = 0;
		};
		83D2BCE32DEB647C0074965B /* Embed Foundation Extensions */ = {
			isa = PBXCopyFilesBuildPhase;
			buildActionMask = 2147483647;
			dstPath = "";
			dstSubfolderSpec = 13;
			files = (
				83D2BCB02DEB647C0074965B /* NightCareers Extension.appex in Embed Foundation Extensions */,
			);
			name = "Embed Foundation Extensions";
			runOnlyForDeploymentPostprocessing = 0;
		};
/* End PBXCopyFilesBuildPhase section */

/* Begin PBXFileReference section */
		83D2BC872DEB647C0074965B /* NightCareers.app */ = {isa = PBXFileReference; explicitFileType = wrapper.application; includeInIndex = 0; path = NightCareers.app; sourceTree = BUILT_PRODUCTS_DIR; };
		83D2BC992DEB647C0074965B /* NightCareers.app */ = {isa = PBXFileReference; explicitFileType = wrapper.application; includeInIndex = 0; path = NightCareers.app; sourceTree = BUILT_PRODUCTS_DIR; };
		83D2BCA52DEB647C0074965B /* NightCareers Extension.appex */ = {isa = PBXFileReference; explicitFileType = "wrapper.app-extension"; includeInIndex = 0; path = "NightCareers Extension.appex"; sourceTree = BUILT_PRODUCTS_DIR; };
		83D2BCAF2DEB647C0074965B /* NightCareers Extension.appex */ = {isa = PBXFileReference; explicitFileType = "wrapper.app-extension"; includeInIndex = 0; path = "NightCareers Extension.appex"; sourceTree = BUILT_PRODUCTS_DIR; };
/* End PBXFileReference section */

/* Begin PBXFileSystemSynchronizedBuildFileExceptionSet section */
		83D2BCD42DEB647C0074965B /* Exceptions for "Shared (App)" folder in "NightCareers (iOS)" target */ = {
			isa = PBXFileSystemSynchronizedBuildFileExceptionSet;
			membershipExceptions = (
				"/Localized: Resources/Main.html",
				Assets.xcassets,
				Resources/Icon.png,
				Resources/Script.js,
				Resources/Style.css,
				ViewController.swift,
			);
			target = 83D2BC862DEB647C0074965B /* NightCareers (iOS) */;
		};
		83D2BCD82DEB647C0074965B /* Exceptions for "iOS (Extension)" folder in "NightCareers Extension (iOS)" target */ = {
			isa = PBXFileSystemSynchronizedBuildFileExceptionSet;
			membershipExceptions = (
				Info.plist,
			);
			target = 83D2BCA42DEB647C0074965B /* NightCareers Extension (iOS) */;
		};
		83D2BCDD2DEB647C0074965B /* Exceptions for "iOS (App)" folder in "NightCareers (iOS)" target */ = {
			isa = PBXFileSystemSynchronizedBuildFileExceptionSet;
			membershipExceptions = (
				Info.plist,
			);
			target = 83D2BC862DEB647C0074965B /* NightCareers (iOS) */;
		};
		83D2BCDE2DEB647C0074965B /* Exceptions for "Shared (App)" folder in "NightCareers (macOS)" target */ = {
			isa = PBXFileSystemSynchronizedBuildFileExceptionSet;
			membershipExceptions = (
				"/Localized: Resources/Main.html",
				Assets.xcassets,
				Resources/Icon.png,
				Resources/Script.js,
				Resources/Style.css,
				ViewController.swift,
			);
			target = 83D2BC982DEB647C0074965B /* NightCareers (macOS) */;
		};
		83D2BCE22DEB647C0074965B /* Exceptions for "macOS (Extension)" folder in "NightCareers Extension (macOS)" target */ = {
			isa = PBXFileSystemSynchronizedBuildFileExceptionSet;
			membershipExceptions = (
				Info.plist,
			);
			target = 83D2BCAE2DEB647C0074965B /* NightCareers Extension (macOS) */;
		};
		83D2BCE72DEB647C0074965B /* Exceptions for "Shared (Extension)" folder in "NightCareers Extension (iOS)" target */ = {
			isa = PBXFileSystemSynchronizedBuildFileExceptionSet;
			membershipExceptions = (
				Resources/_locales,
				Resources/background.js,
				Resources/content.js,
				Resources/images,
				Resources/manifest.json,
				Resources/popup.css,
				Resources/popup.html,
				Resources/popup.js,
				SafariWebExtensionHandler.swift,
			);
			target = 83D2BCA42DEB647C0074965B /* NightCareers Extension (iOS) */;
		};
		83D2BCE82DEB647C0074965B /* Exceptions for "Shared (Extension)" folder in "NightCareers Extension (macOS)" target */ = {
			isa = PBXFileSystemSynchronizedBuildFileExceptionSet;
			membershipExceptions = (
				Resources/_locales,
				Resources/background.js,
				Resources/content.js,
				Resources/images,
				Resources/manifest.json,
				Resources/popup.css,
				Resources/popup.html,
				Resources/popup.js,
				SafariWebExtensionHandler.swift,
			);
			target = 83D2BCAE2DEB647C0074965B /* NightCareers Extension (macOS) */;
		};
/* End PBXFileSystemSynchronizedBuildFileExceptionSet section */

/* Begin PBXFileSystemSynchronizedRootGroup section */
		83D2BC6F2DEB647B0074965B /* Shared (App) */ = {
			isa = PBXFileSystemSynchronizedRootGroup;
			exceptions = (
				83D2BCD42DEB647C0074965B /* Exceptions for "Shared (App)" folder in "NightCareers (iOS)" target */,
				83D2BCDE2DEB647C0074965B /* Exceptions for "Shared (App)" folder in "NightCareers (macOS)" target */,
			);
			path = "Shared (App)";
			sourceTree = "<group>";
		};
		83D2BC782DEB647C0074965B /* Shared (Extension) */ = {
			isa = PBXFileSystemSynchronizedRootGroup;
			exceptions = (
				83D2BCE72DEB647C0074965B /* Exceptions for "Shared (Extension)" folder in "NightCareers Extension (iOS)" target */,
				83D2BCE82DEB647C0074965B /* Exceptions for "Shared (Extension)" folder in "NightCareers Extension (macOS)" target */,
			);
			explicitFolders = (
				Resources/_locales,
				Resources/images,
			);
			path = "Shared (Extension)";
			sourceTree = "<group>";
		};
		83D2BC892DEB647C0074965B /* iOS (App) */ = {
			isa = PBXFileSystemSynchronizedRootGroup;
			exceptions = (
				83D2BCDD2DEB647C0074965B /* Exceptions for "iOS (App)" folder in "NightCareers (iOS)" target */,
			);
			path = "iOS (App)";
			sourceTree = "<group>";
		};
		83D2BC9A2DEB647C0074965B /* macOS (App) */ = {
			isa = PBXFileSystemSynchronizedRootGroup;
			path = "macOS (App)";
			sourceTree = "<group>";
		};
		83D2BCA92DEB647C0074965B /* iOS (Extension) */ = {
			isa = PBXFileSystemSynchronizedRootGroup;
			exceptions = (
				83D2BCD82DEB647C0074965B /* Exceptions for "iOS (Extension)" folder in "NightCareers Extension (iOS)" target */,
			);
			path = "iOS (Extension)";
			sourceTree = "<group>";
		};
		83D2BCB32DEB647C0074965B /* macOS (Extension) */ = {
			isa = PBXFileSystemSynchronizedRootGroup;
			exceptions = (
				83D2BCE22DEB647C0074965B /* Exceptions for "macOS (Extension)" folder in "NightCareers Extension (macOS)" target */,
			);
			path = "macOS (Extension)";
			sourceTree = "<group>";
		};
/* End PBXFileSystemSynchronizedRootGroup section */

/* Begin PBXFrameworksBuildPhase section */
		83D2BC842DEB647C0074965B /* Frameworks */ = {
			isa = PBXFrameworksBuildPhase;
			buildActionMask = 2147483647;
			files = (
			);
			runOnlyForDeploymentPostprocessing = 0;
		};
		83D2BC962DEB647C0074965B /* Frameworks */ = {
			isa = PBXFrameworksBuildPhase;
			buildActionMask = 2147483647;
			files = (
			);
			runOnlyForDeploymentPostprocessing = 0;
		};
		83D2BCA22DEB647C0074965B /* Frameworks */ = {
			isa = PBXFrameworksBuildPhase;
			buildActionMask = 2147483647;
			files = (
			);
			runOnlyForDeploymentPostprocessing = 0;
		};
		83D2BCAC2DEB647C0074965B /* Frameworks */ = {
			isa = PBXFrameworksBuildPhase;
			buildActionMask = 2147483647;
			files = (
			);
			runOnlyForDeploymentPostprocessing = 0;
		};
/* End PBXFrameworksBuildPhase section */

/* Begin PBXGroup section */
		83D2BC6A2DEB647B0074965B = {
			isa = PBXGroup;
			children = (
				83D2BC6F2DEB647B0074965B /* Shared (App) */,
				83D2BC782DEB647C0074965B /* Shared (Extension) */,
				83D2BC892DEB647C0074965B /* iOS (App) */,
				83D2BC9A2DEB647C0074965B /* macOS (App) */,
				83D2BCA92DEB647C0074965B /* iOS (Extension) */,
				83D2BCB32DEB647C0074965B /* macOS (Extension) */,
				83D2BC882DEB647C0074965B /* Products */,
			);
			sourceTree = "<group>";
		};
		83D2BC882DEB647C0074965B /* Products */ = {
			isa = PBXGroup;
			children = (
				83D2BC872DEB647C0074965B /* NightCareers.app */,
				83D2BC992DEB647C0074965B /* NightCareers.app */,
				83D2BCA52DEB647C0074965B /* NightCareers Extension.appex */,
				83D2BCAF2DEB647C0074965B /* NightCareers Extension.appex */,
			);
			name = Products;
			sourceTree = "<group>";
		};
/* End PBXGroup section */

/* Begin PBXNativeTarget section */
		83D2BC862DEB647C0074965B /* NightCareers (iOS) */ = {
			isa = PBXNativeTarget;
			buildConfigurationList = 83D2BCDA2DEB647C0074965B /* Build configuration list for PBXNativeTarget "NightCareers (iOS)" */;
			buildPhases = (
				83D2BC832DEB647C0074965B /* Sources */,
				83D2BC842DEB647C0074965B /* Frameworks */,
				83D2BC852DEB647C0074965B /* Resources */,
				83D2BCD92DEB647C0074965B /* Embed Foundation Extensions */,
			);
			buildRules = (
			);
			dependencies = (
				83D2BCA82DEB647C0074965B /* PBXTargetDependency */,
			);
			fileSystemSynchronizedGroups = (
				83D2BC892DEB647C0074965B /* iOS (App) */,
			);
			name = "NightCareers (iOS)";
			packageProductDependencies = (
			);
			productName = "NightCareers (iOS)";
			productReference = 83D2BC872DEB647C0074965B /* NightCareers.app */;
			productType = "com.apple.product-type.application";
		};
		83D2BC982DEB647C0074965B /* NightCareers (macOS) */ = {
			isa = PBXNativeTarget;
			buildConfigurationList = 83D2BCE42DEB647C0074965B /* Build configuration list for PBXNativeTarget "NightCareers (macOS)" */;
			buildPhases = (
				83D2BC952DEB647C0074965B /* Sources */,
				83D2BC962DEB647C0074965B /* Frameworks */,
				83D2BC972DEB647C0074965B /* Resources */,
				83D2BCE32DEB647C0074965B /* Embed Foundation Extensions */,
			);
			buildRules = (
			);
			dependencies = (
				83D2BCB22DEB647C0074965B /* PBXTargetDependency */,
			);
			fileSystemSynchronizedGroups = (
				83D2BC9A2DEB647C0074965B /* macOS (App) */,
			);
			name = "NightCareers (macOS)";
			packageProductDependencies = (
			);
			productName = "NightCareers (macOS)";
			productReference = 83D2BC992DEB647C0074965B /* NightCareers.app */;
			productType = "com.apple.product-type.application";
		};
		83D2BCA42DEB647C0074965B /* NightCareers Extension (iOS) */ = {
			isa = PBXNativeTarget;
			buildConfigurationList = 83D2BCD52DEB647C0074965B /* Build configuration list for PBXNativeTarget "NightCareers Extension (iOS)" */;
			buildPhases = (
				83D2BCA12DEB647C0074965B /* Sources */,
				83D2BCA22DEB647C0074965B /* Frameworks */,
				83D2BCA32DEB647C0074965B /* Resources */,
			);
			buildRules = (
			);
			dependencies = (
			);
			fileSystemSynchronizedGroups = (
				83D2BCA92DEB647C0074965B /* iOS (Extension) */,
			);
			name = "NightCareers Extension (iOS)";
			packageProductDependencies = (
			);
			productName = "NightCareers Extension (iOS)";
			productReference = 83D2BCA52DEB647C0074965B /* NightCareers Extension.appex */;
			productType = "com.apple.product-type.app-extension";
		};
		83D2BCAE2DEB647C0074965B /* NightCareers Extension (macOS) */ = {
			isa = PBXNativeTarget;
			buildConfigurationList = 83D2BCDF2DEB647C0074965B /* Build configuration list for PBXNativeTarget "NightCareers Extension (macOS)" */;
			buildPhases = (
				83D2BCAB2DEB647C0074965B /* Sources */,
				83D2BCAC2DEB647C0074965B /* Frameworks */,
				83D2BCAD2DEB647C0074965B /* Resources */,
			);
			buildRules = (
			);
			dependencies = (
			);
			fileSystemSynchronizedGroups = (
				83D2BCB32DEB647C0074965B /* macOS (Extension) */,
			);
			name = "NightCareers Extension (macOS)";
			packageProductDependencies = (
			);
			productName = "NightCareers Extension (macOS)";
			productReference = 83D2BCAF2DEB647C0074965B /* NightCareers Extension.appex */;
			productType = "com.apple.product-type.app-extension";
		};
/* End PBXNativeTarget section */

/* Begin PBXProject section */
		83D2BC6B2DEB647B0074965B /* Project object */ = {
			isa = PBXProject;
			attributes = {
				BuildIndependentTargetsInParallel = 1;
				LastSwiftUpdateCheck = 1640;
				LastUpgradeCheck = 1640;
				TargetAttributes = {
					83D2BC862DEB647C0074965B = {
						CreatedOnToolsVersion = 16.4;
					};
					83D2BC982DEB647C0074965B = {
						CreatedOnToolsVersion = 16.4;
					};
					83D2BCA42DEB647C0074965B = {
						CreatedOnToolsVersion = 16.4;
					};
					83D2BCAE2DEB647C0074965B = {
						CreatedOnToolsVersion = 16.4;
					};
				};
			};
			buildConfigurationList = 83D2BC6E2DEB647B0074965B /* Build configuration list for PBXProject "NightCareers" */;
			developmentRegion = en;
			hasScannedForEncodings = 0;
			knownRegions = (
				en,
				Base,
			);
			mainGroup = 83D2BC6A2DEB647B0074965B;
			minimizedProjectReferenceProxies = 1;
			preferredProjectObjectVersion = 77;
			productRefGroup = 83D2BC882DEB647C0074965B /* Products */;
			projectDirPath = "";
			projectRoot = "";
			targets = (
				83D2BC862DEB647C0074965B /* NightCareers (iOS) */,
				83D2BC982DEB647C0074965B /* NightCareers (macOS) */,
				83D2BCA42DEB647C0074965B /* NightCareers Extension (iOS) */,
				83D2BCAE2DEB647C0074965B /* NightCareers Extension (macOS) */,
			);
		};
/* End PBXProject section */

/* Begin PBXResourcesBuildPhase section */
		83D2BC852DEB647C0074965B /* Resources */ = {
			isa = PBXResourcesBuildPhase;
			buildActionMask = 2147483647;
			files = (
			);
			runOnlyForDeploymentPostprocessing = 0;
		};
		83D2BC972DEB647C0074965B /* Resources */ = {
			isa = PBXResourcesBuildPhase;
			buildActionMask = 2147483647;
			files = (
			);
			runOnlyForDeploymentPostprocessing = 0;
		};
		83D2BCA32DEB647C0074965B /* Resources */ = {
			isa = PBXResourcesBuildPhase;
			buildActionMask = 2147483647;
			files = (
			);
			runOnlyForDeploymentPostprocessing = 0;
		};
		83D2BCAD2DEB647C0074965B /* Resources */ = {
			isa = PBXResourcesBuildPhase;
			buildActionMask = 2147483647;
			files = (
			);
			runOnlyForDeploymentPostprocessing = 0;
		};
/* End PBXResourcesBuildPhase section */

/* Begin PBXSourcesBuildPhase section */
		83D2BC832DEB647C0074965B /* Sources */ = {
			isa = PBXSourcesBuildPhase;
			buildActionMask = 2147483647;
			files = (
			);
			runOnlyForDeploymentPostprocessing = 0;
		};
		83D2BC952DEB647C0074965B /* Sources */ = {
			isa = PBXSourcesBuildPhase;
			buildActionMask = 2147483647;
			files = (
			);
			runOnlyForDeploymentPostprocessing = 0;
		};
		83D2BCA12DEB647C0074965B /* Sources */ = {
			isa = PBXSourcesBuildPhase;
			buildActionMask = 2147483647;
			files = (
			);
			runOnlyForDeploymentPostprocessing = 0;
		};
		83D2BCAB2DEB647C0074965B /* Sources */ = {
			isa = PBXSourcesBuildPhase;
			buildActionMask = 2147483647;
			files = (
			);
			runOnlyForDeploymentPostprocessing = 0;
		};
/* End PBXSourcesBuildPhase section */

/* Begin PBXTargetDependency section */
		83D2BCA82DEB647C0074965B /* PBXTargetDependency */ = {
			isa = PBXTargetDependency;
			target = 83D2BCA42DEB647C0074965B /* NightCareers Extension (iOS) */;
			targetProxy = 83D2BCA72DEB647C0074965B /* PBXContainerItemProxy */;
		};
		83D2BCB22DEB647C0074965B /* PBXTargetDependency */ = {
			isa = PBXTargetDependency;
			target = 83D2BCAE2DEB647C0074965B /* NightCareers Extension (macOS) */;
			targetProxy = 83D2BCB12DEB647C0074965B /* PBXContainerItemProxy */;
		};
/* End PBXTargetDependency section */

/* Begin XCBuildConfiguration section */
		83D2BCD62DEB647C0074965B /* Debug */ = {
			isa = XCBuildConfiguration;
			buildSettings = {
				CODE_SIGN_STYLE = Automatic;
				CURRENT_PROJECT_VERSION = 1;
				GENERATE_INFOPLIST_FILE = YES;
				INFOPLIST_FILE = "iOS (Extension)/Info.plist";
				INFOPLIST_KEY_CFBundleDisplayName = "NightCareers Extension";
				INFOPLIST_KEY_NSHumanReadableCopyright = "";
				IPHONEOS_DEPLOYMENT_TARGET = 15.0;
				LD_RUNPATH_SEARCH_PATHS = (
					"$(inherited)",
					"@executable_path/Frameworks",
					"@executable_path/../../Frameworks",
				);
				MARKETING_VERSION = 1.0;
				OTHER_LDFLAGS = (
					"-framework",
					SafariServices,
				);
				PRODUCT_BUNDLE_IDENTIFIER = com.example.NightCareers.Extension;
				PRODUCT_NAME = "NightCareers Extension";
				SDKROOT = iphoneos;
				SKIP_INSTALL = YES;
				SWIFT_EMIT_LOC_STRINGS = YES;
				SWIFT_VERSION = 5.0;
				TARGETED_DEVICE_FAMILY = "1,2";
			};
			name = Debug;
		};
		83D2BCD72DEB647C0074965B /* Release */ = {
			isa = XCBuildConfiguration;
			buildSettings = {
				CODE_SIGN_STYLE = Automatic;
				CURRENT_PROJECT_VERSION = 1;
				GENERATE_INFOPLIST_FILE = YES;
				INFOPLIST_FILE = "iOS (Extension)/Info.plist";
				INFOPLIST_KEY_CFBundleDisplayName = "NightCareers Extension";
				INFOPLIST_KEY_NSHumanReadableCopyright = "";
				IPHONEOS_DEPLOYMENT_TARGET = 15.0;
				LD_RUNPATH_SEARCH_PATHS = (
					"$(inherited)",
					"@executable_path/Frameworks",
					"@executable_path/../../Frameworks",
				);
				MARKETING_VERSION = 1.0;
				OTHER_LDFLAGS = (
					"-framework",
					SafariServices,
				);
				PRODUCT_BUNDLE_IDENTIFIER = com.example.NightCareers.Extension;
				PRODUCT_NAME = "NightCareers Extension";
				SDKROOT = iphoneos;
				SKIP_INSTALL = YES;
				SWIFT_EMIT_LOC_STRINGS = YES;
				SWIFT_VERSION = 5.0;
				TARGETED_DEVICE_FAMILY = "1,2";
				VALIDATE_PRODUCT = YES;
			};
			name = Release;
		};
		83D2BCDB2DEB647C0074965B /* Debug */ = {
			isa = XCBuildConfiguration;
			buildSettings = {
				ASSETCATALOG_COMPILER_APPICON_NAME = AppIcon;
				ASSETCATALOG_COMPILER_GLOBAL_ACCENT_COLOR_NAME = AccentColor;
				CODE_SIGN_STYLE = Automatic;
				CURRENT_PROJECT_VERSION = 1;
				GENERATE_INFOPLIST_FILE = YES;
				INFOPLIST_FILE = "iOS (App)/Info.plist";
				INFOPLIST_KEY_CFBundleDisplayName = NightCareers;
				INFOPLIST_KEY_UIApplicationSupportsIndirectInputEvents = YES;
				INFOPLIST_KEY_UILaunchStoryboardName = LaunchScreen;
				INFOPLIST_KEY_UIMainStoryboardFile = Main;
				INFOPLIST_KEY_UISupportedInterfaceOrientations = "UIInterfaceOrientationPortrait UIInterfaceOrientationLandscapeLeft UIInterfaceOrientationLandscapeRight";
				INFOPLIST_KEY_UISupportedInterfaceOrientations_iPad = "UIInterfaceOrientationPortrait UIInterfaceOrientationPortraitUpsideDown UIInterfaceOrientationLandscapeLeft UIInterfaceOrientationLandscapeRight";
				IPHONEOS_DEPLOYMENT_TARGET = 15.0;
				LD_RUNPATH_SEARCH_PATHS = (
					"$(inherited)",
					"@executable_path/Frameworks",
				);
				MARKETING_VERSION = 1.0;
				OTHER_LDFLAGS = (
					"-framework",
					SafariServices,
					"-framework",
					WebKit,
				);
				PRODUCT_BUNDLE_IDENTIFIER = com.example.NightCareers;
				PRODUCT_NAME = NightCareers;
				SDKROOT = iphoneos;
				SWIFT_EMIT_LOC_STRINGS = YES;
				SWIFT_VERSION = 5.0;
				TARGETED_DEVICE_FAMILY = "1,2";
			};
			name = Debug;
		};
		83D2BCDC2DEB647C0074965B /* Release */ = {
			isa = XCBuildConfiguration;
			buildSettings = {
				ASSETCATALOG_COMPILER_APPICON_NAME = AppIcon;
				ASSETCATALOG_COMPILER_GLOBAL_ACCENT_COLOR_NAME = AccentColor;
				CODE_SIGN_STYLE = Automatic;
				CURRENT_PROJECT_VERSION = 1;
				GENERATE_INFOPLIST_FILE = YES;
				INFOPLIST_FILE = "iOS (App)/Info.plist";
				INFOPLIST_KEY_CFBundleDisplayName = NightCareers;
				INFOPLIST_KEY_UIApplicationSupportsIndirectInputEvents = YES;
				INFOPLIST_KEY_UILaunchStoryboardName = LaunchScreen;
				INFOPLIST_KEY_UIMainStoryboardFile = Main;
				INFOPLIST_KEY_UISupportedInterfaceOrientations = "UIInterfaceOrientationPortrait UIInterfaceOrientationLandscapeLeft UIInterfaceOrientationLandscapeRight";
				INFOPLIST_KEY_UISupportedInterfaceOrientations_iPad = "UIInterfaceOrientationPortrait UIInterfaceOrientationPortraitUpsideDown UIInterfaceOrientationLandscapeLeft UIInterfaceOrientationLandscapeRight";
				IPHONEOS_DEPLOYMENT_TARGET = 15.0;
				LD_RUNPATH_SEARCH_PATHS = (
					"$(inherited)",
					"@executable_path/Frameworks",
				);
				MARKETING_VERSION = 1.0;
				OTHER_LDFLAGS = (
					"-framework",
					SafariServices,
					"-framework",
					WebKit,
				);
				PRODUCT_BUNDLE_IDENTIFIER = com.example.NightCareers;
				PRODUCT_NAME = NightCareers;
				SDKROOT = iphoneos;
				SWIFT_EMIT_LOC_STRINGS = YES;
				SWIFT_VERSION = 5.0;
				TARGETED_DEVICE_FAMILY = "1,2";
				VALIDATE_PRODUCT = YES;
			};
			name = Release;
		};
		83D2BCE02DEB647C0074965B /* Debug */ = {
			isa = XCBuildConfiguration;
			buildSettings = {
				CODE_SIGN_ENTITLEMENTS = "macOS (Extension)/NightCareers.entitlements";
				CODE_SIGN_STYLE = Automatic;
				CURRENT_PROJECT_VERSION = 1;
				ENABLE_HARDENED_RUNTIME = YES;
				GENERATE_INFOPLIST_FILE = YES;
				INFOPLIST_FILE = "macOS (Extension)/Info.plist";
				INFOPLIST_KEY_CFBundleDisplayName = "NightCareers Extension";
				INFOPLIST_KEY_NSHumanReadableCopyright = "";
				LD_RUNPATH_SEARCH_PATHS = (
					"$(inherited)",
					"@executable_path/../Frameworks",
					"@executable_path/../../../../Frameworks",
				);
				MACOSX_DEPLOYMENT_TARGET = 10.14;
				MARKETING_VERSION = 1.0;
				OTHER_LDFLAGS = (
					"-framework",
					SafariServices,
				);
				PRODUCT_BUNDLE_IDENTIFIER = com.example.NightCareers.Extension;
				PRODUCT_NAME = "NightCareers Extension";
				SDKROOT = macosx;
				SKIP_INSTALL = YES;
				SWIFT_EMIT_LOC_STRINGS = YES;
				SWIFT_VERSION = 5.0;
			};
			name = Debug;
		};
		83D2BCE12DEB647C0074965B /* Release */ = {
			isa = XCBuildConfiguration;
			buildSettings = {
				CODE_SIGN_ENTITLEMENTS = "macOS (Extension)/NightCareers.entitlements";
				CODE_SIGN_STYLE = Automatic;
				CURRENT_PROJECT_VERSION = 1;
				ENABLE_HARDENED_RUNTIME = YES;
				GENERATE_INFOPLIST_FILE = YES;
				INFOPLIST_FILE = "macOS (Extension)/Info.plist";
				INFOPLIST_KEY_CFBundleDisplayName = "NightCareers Extension";
				INFOPLIST_KEY_NSHumanReadableCopyright = "";
				LD_RUNPATH_SEARCH_PATHS = (
					"$(inherited)",
					"@executable_path/../Frameworks",
					"@executable_path/../../../../Frameworks",
				);
				MACOSX_DEPLOYMENT_TARGET = 10.14;
				MARKETING_VERSION = 1.0;
				OTHER_LDFLAGS = (
					"-framework",
					SafariServices,
				);
				PRODUCT_BUNDLE_IDENTIFIER = com.example.NightCareers.Extension;
				PRODUCT_NAME = "NightCareers Extension";
				SDKROOT = macosx;
				SKIP_INSTALL = YES;
				SWIFT_EMIT_LOC_STRINGS = YES;
				SWIFT_VERSION = 5.0;
			};
			name = Release;
		};
		83D2BCE52DEB647C0074965B /* Debug */ = {
			isa = XCBuildConfiguration;
			buildSettings = {
				ASSETCATALOG_COMPILER_APPICON_NAME = AppIcon;
				ASSETCATALOG_COMPILER_GLOBAL_ACCENT_COLOR_NAME = AccentColor;
				CODE_SIGN_ENTITLEMENTS = "macOS (App)/NightCareers.entitlements";
				CODE_SIGN_STYLE = Automatic;
				CURRENT_PROJECT_VERSION = 1;
				ENABLE_HARDENED_RUNTIME = YES;
				GENERATE_INFOPLIST_FILE = YES;
				INFOPLIST_KEY_CFBundleDisplayName = NightCareers;
				INFOPLIST_KEY_NSMainStoryboardFile = Main;
				INFOPLIST_KEY_NSPrincipalClass = NSApplication;
				LD_RUNPATH_SEARCH_PATHS = (
					"$(inherited)",
					"@executable_path/../Frameworks",
				);
				MACOSX_DEPLOYMENT_TARGET = 10.14;
				MARKETING_VERSION = 1.0;
				OTHER_LDFLAGS = (
					"-framework",
					SafariServices,
					"-framework",
					WebKit,
				);
				PRODUCT_BUNDLE_IDENTIFIER = com.example.NightCareers;
				PRODUCT_NAME = NightCareers;
				REGISTER_APP_GROUPS = YES;
				SDKROOT = macosx;
				SWIFT_EMIT_LOC_STRINGS = YES;
				SWIFT_VERSION = 5.0;
			};
			name = Debug;
		};
		83D2BCE62DEB647C0074965B /* Release */ = {
			isa = XCBuildConfiguration;
			buildSettings = {
				ASSETCATALOG_COMPILER_APPICON_NAME = AppIcon;
				ASSETCATALOG_COMPILER_GLOBAL_ACCENT_COLOR_NAME = AccentColor;
				CODE_SIGN_ENTITLEMENTS = "macOS (App)/NightCareers.entitlements";
				CODE_SIGN_STYLE = Automatic;
				CURRENT_PROJECT_VERSION = 1;
				ENABLE_HARDENED_RUNTIME = YES;
				GENERATE_INFOPLIST_FILE = YES;
				INFOPLIST_KEY_CFBundleDisplayName = NightCareers;
				INFOPLIST_KEY_NSMainStoryboardFile = Main;
				INFOPLIST_KEY_NSPrincipalClass = NSApplication;
				LD_RUNPATH_SEARCH_PATHS = (
					"$(inherited)",
					"@executable_path/../Frameworks",
				);
				MACOSX_DEPLOYMENT_TARGET = 10.14;
				MARKETING_VERSION = 1.0;
				OTHER_LDFLAGS = (
					"-framework",
					SafariServices,
					"-framework",
					WebKit,
				);
				PRODUCT_BUNDLE_IDENTIFIER = com.example.NightCareers;
				PRODUCT_NAME = NightCareers;
				REGISTER_APP_GROUPS = YES;
				SDKROOT = macosx;
				SWIFT_EMIT_LOC_STRINGS = YES;
				SWIFT_VERSION = 5.0;
			};
			name = Release;
		};
		83D2BCE92DEB647C0074965B /* Debug */ = {
			isa = XCBuildConfiguration;
			buildSettings = {
				ALWAYS_SEARCH_USER_PATHS = NO;
				ASSETCATALOG_COMPILER_GENERATE_SWIFT_ASSET_SYMBOL_EXTENSIONS = YES;
				CLANG_ANALYZER_NONNULL = YES;
				CLANG_ANALYZER_NUMBER_OBJECT_CONVERSION = YES_AGGRESSIVE;
				CLANG_CXX_LANGUAGE_STANDARD = "gnu++20";
				CLANG_ENABLE_MODULES = YES;
				CLANG_ENABLE_OBJC_ARC = YES;
				CLANG_ENABLE_OBJC_WEAK = YES;
				CLANG_WARN_BLOCK_CAPTURE_AUTORELEASING = YES;
				CLANG_WARN_BOOL_CONVERSION = YES;
				CLANG_WARN_COMMA = YES;
				CLANG_WARN_CONSTANT_CONVERSION = YES;
				CLANG_WARN_DEPRECATED_OBJC_IMPLEMENTATIONS = YES;
				CLANG_WARN_DIRECT_OBJC_ISA_USAGE = YES_ERROR;
				CLANG_WARN_DOCUMENTATION_COMMENTS = YES;
				CLANG_WARN_EMPTY_BODY = YES;
				CLANG_WARN_ENUM_CONVERSION = YES;
				CLANG_WARN_INFINITE_RECURSION = YES;
				CLANG_WARN_INT_CONVERSION = YES;
				CLANG_WARN_NON_LITERAL_NULL_CONVERSION = YES;
				CLANG_WARN_OBJC_IMPLICIT_RETAIN_SELF = YES;
				CLANG_WARN_OBJC_LITERAL_CONVERSION = YES;
				CLANG_WARN_OBJC_ROOT_CLASS = YES_ERROR;
				CLANG_WARN_QUOTED_INCLUDE_IN_FRAMEWORK_HEADER = YES;
				CLANG_WARN_RANGE_LOOP_ANALYSIS = YES;
				CLANG_WARN_STRICT_PROTOTYPES = YES;
				CLANG_WARN_SUSPICIOUS_MOVE = YES;
				CLANG_WARN_UNGUARDED_AVAILABILITY = YES_AGGRESSIVE;
				CLANG_WARN_UNREACHABLE_CODE = YES;
				CLANG_WARN__DUPLICATE_METHOD_MATCH = YES;
				COPY_PHASE_STRIP = NO;
				DEBUG_INFORMATION_FORMAT = dwarf;
				ENABLE_STRICT_OBJC_MSGSEND = YES;
				ENABLE_TESTABILITY = YES;
				ENABLE_USER_SCRIPT_SANDBOXING = YES;
				GCC_C_LANGUAGE_STANDARD = gnu17;
				GCC_DYNAMIC_NO_PIC = NO;
				GCC_NO_COMMON_BLOCKS = YES;
				GCC_OPTIMIZATION_LEVEL = 0;
				GCC_PREPROCESSOR_DEFINITIONS = (
					"DEBUG=1",
					"$(inherited)",
				);
				GCC_WARN_64_TO_32_BIT_CONVERSION = YES;
				GCC_WARN_ABOUT_RETURN_TYPE = YES_ERROR;
				GCC_WARN_UNDECLARED_SELECTOR = YES;
				GCC_WARN_UNINITIALIZED_AUTOS = YES_AGGRESSIVE;
				GCC_WARN_UNUSED_FUNCTION = YES;
				GCC_WARN_UNUSED_VARIABLE = YES;
				LOCALIZATION_PREFERS_STRING_CATALOGS = YES;
				MTL_ENABLE_DEBUG_INFO = INCLUDE_SOURCE;
				MTL_FAST_MATH = YES;
				ONLY_ACTIVE_ARCH = YES;
				SWIFT_ACTIVE_COMPILATION_CONDITIONS = "DEBUG $(inherited)";
				SWIFT_OPTIMIZATION_LEVEL = "-Onone";
			};
			name = Debug;
		};
		83D2BCEA2DEB647C0074965B /* Release */ = {
			isa = XCBuildConfiguration;
			buildSettings = {
				ALWAYS_SEARCH_USER_PATHS = NO;
				ASSETCATALOG_COMPILER_GENERATE_SWIFT_ASSET_SYMBOL_EXTENSIONS = YES;
				CLANG_ANALYZER_NONNULL = YES;
				CLANG_ANALYZER_NUMBER_OBJECT_CONVERSION = YES_AGGRESSIVE;
				CLANG_CXX_LANGUAGE_STANDARD = "gnu++20";
				CLANG_ENABLE_MODULES = YES;
				CLANG_ENABLE_OBJC_ARC = YES;
				CLANG_ENABLE_OBJC_WEAK = YES;
				CLANG_WARN_BLOCK_CAPTURE_AUTORELEASING = YES;
				CLANG_WARN_BOOL_CONVERSION = YES;
				CLANG_WARN_COMMA = YES;
				CLANG_WARN_CONSTANT_CONVERSION = YES;
				CLANG_WARN_DEPRECATED_OBJC_IMPLEMENTATIONS = YES;
				CLANG_WARN_DIRECT_OBJC_ISA_USAGE = YES_ERROR;
				CLANG_WARN_DOCUMENTATION_COMMENTS = YES;
				CLANG_WARN_EMPTY_BODY = YES;
				CLANG_WARN_ENUM_CONVERSION = YES;
				CLANG_WARN_INFINITE_RECURSION = YES;
				CLANG_WARN_INT_CONVERSION = YES;
				CLANG_WARN_NON_LITERAL_NULL_CONVERSION = YES;
				CLANG_WARN_OBJC_IMPLICIT_RETAIN_SELF = YES;
				CLANG_WARN_OBJC_LITERAL_CONVERSION = YES;
				CLANG_WARN_OBJC_ROOT_CLASS = YES_ERROR;
				CLANG_WARN_QUOTED_INCLUDE_IN_FRAMEWORK_HEADER = YES;
				CLANG_WARN_RANGE_LOOP_ANALYSIS = YES;
				CLANG_WARN_STRICT_PROTOTYPES = YES;
				CLANG_WARN_SUSPICIOUS_MOVE = YES;
				CLANG_WARN_UNGUARDED_AVAILABILITY = YES_AGGRESSIVE;
				CLANG_WARN_UNREACHABLE_CODE = YES;
				CLANG_WARN__DUPLICATE_METHOD_MATCH = YES;
				COPY_PHASE_STRIP = NO;
				DEBUG_INFORMATION_FORMAT = "dwarf-with-dsym";
				ENABLE_NS_ASSERTIONS = NO;
				ENABLE_STRICT_OBJC_MSGSEND = YES;
				ENABLE_USER_SCRIPT_SANDBOXING = YES;
				GCC_C_LANGUAGE_STANDARD = gnu17;
				GCC_NO_COMMON_BLOCKS = YES;
				GCC_WARN_64_TO_32_BIT_CONVERSION = YES;
				GCC_WARN_ABOUT_RETURN_TYPE = YES_ERROR;
				GCC_WARN_UNDECLARED_SELECTOR = YES;
				GCC_WARN_UNINITIALIZED_AUTOS = YES_AGGRESSIVE;
				GCC_WARN_UNUSED_FUNCTION = YES;
				GCC_WARN_UNUSED_VARIABLE = YES;
				LOCALIZATION_PREFERS_STRING_CATALOGS = YES;
				MTL_ENABLE_DEBUG_INFO = NO;
				MTL_FAST_MATH = YES;
				SWIFT_COMPILATION_MODE = wholemodule;
			};
			name = Release;
		};
/* End XCBuildConfiguration section */

/* Begin XCConfigurationList section */
		83D2BC6E2DEB647B0074965B /* Build configuration list for PBXProject "NightCareers" */ = {
			isa = XCConfigurationList;
			buildConfigurations = (
				83D2BCE92DEB647C0074965B /* Debug */,
				83D2BCEA2DEB647C0074965B /* Release */,
			);
			defaultConfigurationIsVisible = 0;
			defaultConfigurationName = Release;
		};
		83D2BCD52DEB647C0074965B /* Build configuration list for PBXNativeTarget "NightCareers Extension (iOS)" */ = {
			isa = XCConfigurationList;
			buildConfigurations = (
				83D2BCD62DEB647C0074965B /* Debug */,
				83D2BCD72DEB647C0074965B /* Release */,
			);
			defaultConfigurationIsVisible = 0;
			defaultConfigurationName = Release;
		};
		83D2BCDA2DEB647C0074965B /* Build configuration list for PBXNativeTarget "NightCareers (iOS)" */ = {
			isa = XCConfigurationList;
			buildConfigurations = (
				83D2BCDB2DEB647C0074965B /* Debug */,
				83D2BCDC2DEB647C0074965B /* Release */,
			);
			defaultConfigurationIsVisible = 0;
			defaultConfigurationName = Release;
		};
		83D2BCDF2DEB647C0074965B /* Build configuration list for PBXNativeTarget "NightCareers Extension (macOS)" */ = {
			isa = XCConfigurationList;
			buildConfigurations = (
				83D2BCE02DEB647C0074965B /* Debug */,
				83D2BCE12DEB647C0074965B /* Release */,
			);
			defaultConfigurationIsVisible = 0;
			defaultConfigurationName = Release;
		};
		83D2BCE42DEB647C0074965B /* Build configuration list for PBXNativeTarget "NightCareers (macOS)" */ = {
			isa = XCConfigurationList;
			buildConfigurations = (
				83D2BCE52DEB647C0074965B /* Debug */,
				83D2BCE62DEB647C0074965B /* Release */,
			);
			defaultConfigurationIsVisible = 0;
			defaultConfigurationName = Release;
		};
/* End XCConfigurationList section */
	};
	rootObject = 83D2BC6B2DEB647B0074965B /* Project object */;
}
